
Microsoft Visual Studio Solution File, Format Version 12.00
# Visual Studio Version 16
VisualStudioVersion = 16.0.31129.286
MinimumVisualStudioVersion = 10.0.40219.1
Project("{FAE04EC0-301F-11D3-BF4B-00C04F79EFBC}") = "Electric", "Electric.csproj", "{435EB9AD-851D-4170-9410-6EEAAC9C526A}"
EndProject
Global
	GlobalSection(SolutionConfigurationPlatforms) = preSolution
		Debug|Any CPU = Debug|Any CPU
		Release|Any CPU = Release|Any CPU
	EndGlobalSection
	GlobalSection(ProjectConfigurationPlatforms) = postSolution
		{435EB9AD-851D-4170-9410-6EEAAC9C526A}.Debug|Any CPU.ActiveCfg = Debug|Any CPU
		{435EB9AD-851D-4170-9410-6EEAAC9C526A}.Debug|Any CPU.Build.0 = Debug|Any CPU
		{435EB9AD-851D-4170-9410-6EEAAC9C526A}.Release|Any CPU.ActiveCfg = Release|Any CPU
		{435EB9AD-851D-4170-9410-6EEAAC9C526A}.Release|Any CPU.Build.0 = Release|Any CPU
	EndGlobalSection
	GlobalSection(SolutionProperties) = preSolution
		HideSolutionNode = FALSE
	EndGlobalSection
	GlobalSection(ExtensibilityGlobals) = postSolution
		SolutionGuid = {6A300D76-5D3B-4187-8045-29AF0B2E1DDA}
	EndGlobalSection
EndGlobal
